
Microsoft Visual Studio Solution File, Format Version 12.00
# Visual Studio 15
VisualStudioVersion = 15.0.28307.329
MinimumVisualStudioVersion = 10.0.40219.1
Project("{FAE04EC0-301F-11D3-BF4B-00C04F79EFBC}") = "FileSplitter", "FileSplitter\FileSplitter.csproj", "{BCFDFE19-FBF3-418E-BE8B-DE3410F7F61B}"
EndProject
Global
	GlobalSection(SolutionConfigurationPlatforms) = preSolution
		Debug|Any CPU = Debug|Any CPU
		Release|Any CPU = Release|Any CPU
	EndGlobalSection
	GlobalSection(ProjectConfigurationPlatforms) = postSolution
		{BCFDFE19-FBF3-418E-BE8B-DE3410F7F61B}.Debug|Any CPU.ActiveCfg = Debug|Any CPU
		{BCFDFE19-FBF3-418E-BE8B-DE3410F7F61B}.Debug|Any CPU.Build.0 = Debug|Any CPU
		{BCFDFE19-FBF3-418E-BE8B-DE3410F7F61B}.Release|Any CPU.ActiveCfg = Release|Any CPU
		{BCFDFE19-FBF3-418E-BE8B-DE3410F7F61B}.Release|Any CPU.Build.0 = Release|Any CPU
	EndGlobalSection
	GlobalSection(SolutionProperties) = preSolution
		HideSolutionNode = FALSE
	EndGlobalSection
	GlobalSection(ExtensibilityGlobals) = postSolution
		SolutionGuid = {3D123DD2-F721-4B56-9357-C114DB5F2EC9}
	EndGlobalSection
EndGlobal
