
Microsoft Visual Studio Solution File, Format Version 12.00
Project("{FAE04EC0-301F-11D3-BF4B-00C04F79EFBC}") = "Encryption", "Encryption\Encryption.csproj", "{66D45118-2124-4FB1-90FD-A6C55CE3CAB5}"
EndProject
Global
	GlobalSection(SolutionConfigurationPlatforms) = preSolution
		Debug|Any CPU = Debug|Any CPU
		Release|Any CPU = Release|Any CPU
	EndGlobalSection
	GlobalSection(ProjectConfigurationPlatforms) = postSolution
		{66D45118-2124-4FB1-90FD-A6C55CE3CAB5}.Debug|Any CPU.ActiveCfg = Debug|Any CPU
		{66D45118-2124-4FB1-90FD-A6C55CE3CAB5}.Debug|Any CPU.Build.0 = Debug|Any CPU
		{66D45118-2124-4FB1-90FD-A6C55CE3CAB5}.Release|Any CPU.ActiveCfg = Release|Any CPU
		{66D45118-2124-4FB1-90FD-A6C55CE3CAB5}.Release|Any CPU.Build.0 = Release|Any CPU
	EndGlobalSection
EndGlobal
